Microsoft Visual Studio Solution File, Format Version 12.00
# Visual Studio Version 17
VisualStudioVersion = 17.5.2.0
MinimumVisualStudioVersion = 10.0.40219.1
Project("{FAE04EC0-301F-11D3-BF4B-00C04F79EFBC}") = "LecX.WebApi", "LecX.WebApi.csproj", "{368DF94F-8743-69B3-1703-03D32B2591FA}"
EndProject
Global
	GlobalSection(SolutionConfigurationPlatforms) = preSolution
		Debug|Any CPU = Debug|Any CPU
		Release|Any CPU = Release|Any CPU
	EndGlobalSection
	GlobalSection(ProjectConfigurationPlatforms) = postSolution
		{368DF94F-8743-69B3-1703-03D32B2591FA}.Debug|Any CPU.ActiveCfg = Debug|Any CPU
		{368DF94F-8743-69B3-1703-03D32B2591FA}.Debug|Any CPU.Build.0 = Debug|Any CPU
		{368DF94F-8743-69B3-1703-03D32B2591FA}.Release|Any CPU.ActiveCfg = Release|Any CPU
		{368DF94F-8743-69B3-1703-03D32B2591FA}.Release|Any CPU.Build.0 = Release|Any CPU
	EndGlobalSection
	GlobalSection(SolutionProperties) = preSolution
		HideSolutionNode = FALSE
	EndGlobalSection
	GlobalSection(ExtensibilityGlobals) = postSolution
		SolutionGuid = {4F588BF9-B978-445F-947D-D68403316D03}
	EndGlobalSection
EndGlobal
